
Microsoft Visual Studio Solution File, Format Version 12.00
# Visual Studio Version 17
VisualStudioVersion = 17.8.34330.188
MinimumVisualStudioVersion = 10.0.40219.1
Project("{9A19103F-16F7-4668-BE54-9A1E7A4F7556}") = "PatientBookingWebApplication", "PatientBookingWebApplication.csproj", "{181C0583-4474-4637-AA29-93546CA96B21}"
EndProject
Project("{FAE04EC0-301F-11D3-BF4B-00C04F79EFBC}") = "BEntities", "..\BEntities\BEntities.csproj", "{21F0755F-434E-4050-B14E-40BC52D98B07}"
EndProject
Project("{FAE04EC0-301F-11D3-BF4B-00C04F79EFBC}") = "BBLL", "..\BBLL\BBLL.csproj", "{BB62A11E-9711-4AB1-A3FD-0233B61EE43D}"
EndProject
Project("{FAE04EC0-301F-11D3-BF4B-00C04F79EFBC}") = "BDAL", "..\BDAL\BDAL.csproj", "{006DCBA5-BEFE-45D7-B8F6-7F0A2C8989ED}"
EndProject
Global
	GlobalSection(SolutionConfigurationPlatforms) = preSolution
		Debug|Any CPU = Debug|Any CPU
		Release|Any CPU = Release|Any CPU
	EndGlobalSection
	GlobalSection(ProjectConfigurationPlatforms) = postSolution
		{181C0583-4474-4637-AA29-93546CA96B21}.Debug|Any CPU.ActiveCfg = Debug|Any CPU
		{181C0583-4474-4637-AA29-93546CA96B21}.Debug|Any CPU.Build.0 = Debug|Any CPU
		{181C0583-4474-4637-AA29-93546CA96B21}.Release|Any CPU.ActiveCfg = Release|Any CPU
		{181C0583-4474-4637-AA29-93546CA96B21}.Release|Any CPU.Build.0 = Release|Any CPU
		{21F0755F-434E-4050-B14E-40BC52D98B07}.Debug|Any CPU.ActiveCfg = Debug|Any CPU
		{21F0755F-434E-4050-B14E-40BC52D98B07}.Debug|Any CPU.Build.0 = Debug|Any CPU
		{21F0755F-434E-4050-B14E-40BC52D98B07}.Release|Any CPU.ActiveCfg = Release|Any CPU
		{21F0755F-434E-4050-B14E-40BC52D98B07}.Release|Any CPU.Build.0 = Release|Any CPU
		{BB62A11E-9711-4AB1-A3FD-0233B61EE43D}.Debug|Any CPU.ActiveCfg = Debug|Any CPU
		{BB62A11E-9711-4AB1-A3FD-0233B61EE43D}.Debug|Any CPU.Build.0 = Debug|Any CPU
		{BB62A11E-9711-4AB1-A3FD-0233B61EE43D}.Release|Any CPU.ActiveCfg = Release|Any CPU
		{BB62A11E-9711-4AB1-A3FD-0233B61EE43D}.Release|Any CPU.Build.0 = Release|Any CPU
		{006DCBA5-BEFE-45D7-B8F6-7F0A2C8989ED}.Debug|Any CPU.ActiveCfg = Debug|Any CPU
		{006DCBA5-BEFE-45D7-B8F6-7F0A2C8989ED}.Debug|Any CPU.Build.0 = Debug|Any CPU
		{006DCBA5-BEFE-45D7-B8F6-7F0A2C8989ED}.Release|Any CPU.ActiveCfg = Release|Any CPU
		{006DCBA5-BEFE-45D7-B8F6-7F0A2C8989ED}.Release|Any CPU.Build.0 = Release|Any CPU
	EndGlobalSection
	GlobalSection(SolutionProperties) = preSolution
		HideSolutionNode = FALSE
	EndGlobalSection
	GlobalSection(ExtensibilityGlobals) = postSolution
		SolutionGuid = {09624480-9AB8-469A-BF9F-A2D92B0351A1}
	EndGlobalSection
EndGlobal
